
Microsoft Visual Studio Solution File, Format Version 12.00
# Visual Studio Version 17
VisualStudioVersion = 17.8.34728.176
MinimumVisualStudioVersion = 10.0.40219.1
Project("{FAE04EC0-301F-11D3-BF4B-00C04F79EFBC}") = "TesteParaProjetoMyTE", "TesteParaProjetoMyTE\TesteParaProjetoMyTE.csproj", "{086E9125-43D2-46BD-AFB4-78A157A8961E}"
EndProject
Global
	GlobalSection(SolutionConfigurationPlatforms) = preSolution
		Debug|Any CPU = Debug|Any CPU
		Release|Any CPU = Release|Any CPU
	EndGlobalSection
	GlobalSection(ProjectConfigurationPlatforms) = postSolution
		{086E9125-43D2-46BD-AFB4-78A157A8961E}.Debug|Any CPU.ActiveCfg = Debug|Any CPU
		{086E9125-43D2-46BD-AFB4-78A157A8961E}.Debug|Any CPU.Build.0 = Debug|Any CPU
		{086E9125-43D2-46BD-AFB4-78A157A8961E}.Release|Any CPU.ActiveCfg = Release|Any CPU
		{086E9125-43D2-46BD-AFB4-78A157A8961E}.Release|Any CPU.Build.0 = Release|Any CPU
	EndGlobalSection
	GlobalSection(SolutionProperties) = preSolution
		HideSolutionNode = FALSE
	EndGlobalSection
	GlobalSection(ExtensibilityGlobals) = postSolution
		SolutionGuid = {11F9F196-8DA8-4448-A20E-E21F1E3C25A3}
	EndGlobalSection
EndGlobal
